// !$*UTF8*$!
{
	archiveVersion = 1;
	classes = {
	};
	objectVersion = 46;
	objects = {

/* Begin PBXBuildFile section */
		8F6396F01CA8FB76000D846C /* main.m in Sources */ = {isa = PBXBuildFile; fileRef = 8F6396EF1CA8FB76000D846C /* main.m */; };
		8F6396F31CA8FB76000D846C /* AppDelegate.m in Sources */ = {isa = PBXBuildFile; fileRef = 8F6396F21CA8FB76000D846C /* AppDelegate.m */; };
		8F6396F61CA8FB76000D846C /* ViewController.m in Sources */ = {isa = PBXBuildFile; fileRef = 8F6396F51CA8FB76000D846C /* ViewController.m */; };
		8F6396F91CA8FB76000D846C /* Main.storyboard in Resources */ = {isa = PBXBuildFile; fileRef = 8F6396F71CA8FB76000D846C /* Main.storyboard */; };
		8F6396FB1CA8FB76000D846C /* Assets.xcassets in Resources */ = {isa = PBXBuildFile; fileRef = 8F6396FA1CA8FB76000D846C /* Assets.xcassets */; };
		8F6396FE1CA8FB76000D846C /* LaunchScreen.storyboard in Resources */ = {isa = PBXBuildFile; fileRef = 8F6396FC1CA8FB76000D846C /* LaunchScreen.storyboard */; };
		8F6397091CA8FB76000D846C /* JSBridgeDemoTests.m in Sources */ = {isa = PBXBuildFile; fileRef = 8F6397081CA8FB76000D846C /* JSBridgeDemoTests.m */; };
		8F6397141CA8FB76000D846C /* JSBridgeDemoUITests.m in Sources */ = {isa = PBXBuildFile; fileRef = 8F6397131CA8FB76000D846C /* JSBridgeDemoUITests.m */; };
		8F6397221CA920F2000D846C /* ExampleApp.html in Resources */ = {isa = PBXBuildFile; fileRef = 8F6397211CA920F2000D846C /* ExampleApp.html */; };
		DD1AB09FCD2FBD19BFADE254 /* libPods-JSBridgeDemo.a in Frameworks */ = {isa = PBXBuildFile; fileRef = CAB6F4FD99D50D042A85DF1C /* libPods-JSBridgeDemo.a */; };
/* End PBXBuildFile section */

/* Begin PBXContainerItemProxy section */
		8F6397051CA8FB76000D846C /* PBXContainerItemProxy */ = {
			isa = PBXContainerItemProxy;
			containerPortal = 8F6396E31CA8FB76000D846C /* Project object */;
			proxyType = 1;
			remoteGlobalIDString = 8F6396EA1CA8FB76000D846C;
			remoteInfo = JSBridgeDemo;
		};
		8F6397101CA8FB76000D846C /* PBXContainerItemProxy */ = {
			isa = PBXContainerItemProxy;
			containerPortal = 8F6396E31CA8FB76000D846C /* Project object */;
			proxyType = 1;
			remoteGlobalIDString = 8F6396EA1CA8FB76000D846C;
			remoteInfo = JSBridgeDemo;
		};
/* End PBXContainerItemProxy section */

/* Begin PBXFileReference section */
		16328375C843FC9D7F57B2F3 /* Pods-JSBridgeDemo.release.xcconfig */ = {isa = PBXFileReference; includeInIndex = 1; lastKnownFileType = text.xcconfig; name = "Pods-JSBridgeDemo.release.xcconfig"; path = "Pods/Target Support Files/Pods-JSBridgeDemo/Pods-JSBridgeDemo.release.xcconfig"; sourceTree = "<group>"; };
		8F6396EB1CA8FB76000D846C /* JSBridgeDemo.app */ = {isa = PBXFileReference; explicitFileType = wrapper.application; includeInIndex = 0; path = JSBridgeDemo.app; sourceTree = BUILT_PRODUCTS_DIR; };
		8F6396EF1CA8FB76000D846C /* main.m */ = {isa = PBXFileReference; lastKnownFileType = sourcecode.c.objc; path = main.m; sourceTree = "<group>"; };
		8F6396F11CA8FB76000D846C /* AppDelegate.h */ = {isa = PBXFileReference; lastKnownFileType = sourcecode.c.h; path = AppDelegate.h; sourceTree = "<group>"; };
		8F6396F21CA8FB76000D846C /* AppDelegate.m */ = {isa = PBXFileReference; lastKnownFileType = sourcecode.c.objc; path = AppDelegate.m; sourceTree = "<group>"; };
		8F6396F41CA8FB76000D846C /* ViewController.h */ = {isa = PBXFileReference; lastKnownFileType = sourcecode.c.h; path = ViewController.h; sourceTree = "<group>"; };
		8F6396F51CA8FB76000D846C /* ViewController.m */ = {isa = PBXFileReference; lastKnownFileType = sourcecode.c.objc; path = ViewController.m; sourceTree = "<group>"; };
		8F6396F81CA8FB76000D846C /* Base */ = {isa = PBXFileReference; lastKnownFileType = file.storyboard; name = Base; path = Base.lproj/Main.storyboard; sourceTree = "<group>"; };
		8F6396FA1CA8FB76000D846C /* Assets.xcassets */ = {isa = PBXFileReference; lastKnownFileType = folder.assetcatalog; path = Assets.xcassets; sourceTree = "<group>"; };
		8F6396FD1CA8FB76000D846C /* Base */ = {isa = PBXFileReference; lastKnownFileType = file.storyboard; name = Base; path = Base.lproj/LaunchScreen.storyboard; sourceTree = "<group>"; };
		8F6396FF1CA8FB76000D846C /* Info.plist */ = {isa = PBXFileReference; lastKnownFileType = text.plist.xml; path = Info.plist; sourceTree = "<group>"; };
		8F6397041CA8FB76000D846C /* JSBridgeDemoTests.xctest */ = {isa = PBXFileReference; explicitFileType = wrapper.cfbundle; includeInIndex = 0; path = JSBridgeDemoTests.xctest; sourceTree = BUILT_PRODUCTS_DIR; };
		8F6397081CA8FB76000D846C /* JSBridgeDemoTests.m */ = {isa = PBXFileReference; lastKnownFileType = sourcecode.c.objc; path = JSBridgeDemoTests.m; sourceTree = "<group>"; };
		8F63970A1CA8FB76000D846C /* Info.plist */ = {isa = PBXFileReference; lastKnownFileType = text.plist.xml; path = Info.plist; sourceTree = "<group>"; };
		8F63970F1CA8FB76000D846C /* JSBridgeDemoUITests.xctest */ = {isa = PBXFileReference; explicitFileType = wrapper.cfbundle; includeInIndex = 0; path = JSBridgeDemoUITests.xctest; sourceTree = BUILT_PRODUCTS_DIR; };
		8F6397131CA8FB76000D846C /* JSBridgeDemoUITests.m */ = {isa = PBXFileReference; lastKnownFileType = sourcecode.c.objc; path = JSBridgeDemoUITests.m; sourceTree = "<group>"; };
		8F6397151CA8FB76000D846C /* Info.plist */ = {isa = PBXFileReference; lastKnownFileType = text.plist.xml; path = Info.plist; sourceTree = "<group>"; };
		8F6397211CA920F2000D846C /* ExampleApp.html */ = {isa = PBXFileReference; fileEncoding = 4; lastKnownFileType = text.html; path = ExampleApp.html; sourceTree = "<group>"; };
		CAB6F4FD99D50D042A85DF1C /* libPods-JSBridgeDemo.a */ = {isa = PBXFileReference; explicitFileType = archive.ar; includeInIndex = 0; path = "libPods-JSBridgeDemo.a"; sourceTree = BUILT_PRODUCTS_DIR; };
		E605DE781EA2FDA50725F1A8 /* Pods-JSBridgeDemo.debug.xcconfig */ = {isa = PBXFileReference; includeInIndex = 1; lastKnownFileType = text.xcconfig; name = "Pods-JSBridgeDemo.debug.xcconfig"; path = "Pods/Target Support Files/Pods-JSBridgeDemo/Pods-JSBridgeDemo.debug.xcconfig"; sourceTree = "<group>"; };
/* End PBXFileReference section */

/* Begin PBXFrameworksBuildPhase section */
		8F6396E81CA8FB76000D846C /* Frameworks */ = {
			isa = PBXFrameworksBuildPhase;
			buildActionMask = 2147483647;
			files = (
				DD1AB09FCD2FBD19BFADE254 /* libPods-JSBridgeDemo.a in Frameworks */,
			);
			runOnlyForDeploymentPostprocessing = 0;
		};
		8F6397011CA8FB76000D846C /* Frameworks */ = {
			isa = PBXFrameworksBuildPhase;
			buildActionMask = 2147483647;
			files = (
			);
			runOnlyForDeploymentPostprocessing = 0;
		};
		8F63970C1CA8FB76000D846C /* Frameworks */ = {
			isa = PBXFrameworksBuildPhase;
			buildActionMask = 2147483647;
			files = (
			);
			runOnlyForDeploymentPostprocessing = 0;
		};
/* End PBXFrameworksBuildPhase section */

/* Begin PBXGroup section */
		192AE059515939CFD6DC2820 /* Pods */ = {
			isa = PBXGroup;
			children = (
				E605DE781EA2FDA50725F1A8 /* Pods-JSBridgeDemo.debug.xcconfig */,
				16328375C843FC9D7F57B2F3 /* Pods-JSBridgeDemo.release.xcconfig */,
			);
			name = Pods;
			sourceTree = "<group>";
		};
		8F6396E21CA8FB76000D846C = {
			isa = PBXGroup;
			children = (
				8F6396ED1CA8FB76000D846C /* JSBridgeDemo */,
				8F6397071CA8FB76000D846C /* JSBridgeDemoTests */,
				8F6397121CA8FB76000D846C /* JSBridgeDemoUITests */,
				8F6396EC1CA8FB76000D846C /* Products */,
				192AE059515939CFD6DC2820 /* Pods */,
				F67870A1F1BF3EA8854EB1BD /* Frameworks */,
			);
			sourceTree = "<group>";
		};
		8F6396EC1CA8FB76000D846C /* Products */ = {
			isa = PBXGroup;
			children = (
				8F6396EB1CA8FB76000D846C /* JSBridgeDemo.app */,
				8F6397041CA8FB76000D846C /* JSBridgeDemoTests.xctest */,
				8F63970F1CA8FB76000D846C /* JSBridgeDemoUITests.xctest */,
			);
			name = Products;
			sourceTree = "<group>";
		};
		8F6396ED1CA8FB76000D846C /* JSBridgeDemo */ = {
			isa = PBXGroup;
			children = (
				8F6397211CA920F2000D846C /* ExampleApp.html */,
				8F6396F11CA8FB76000D846C /* AppDelegate.h */,
				8F6396F21CA8FB76000D846C /* AppDelegate.m */,
				8F6396F41CA8FB76000D846C /* ViewController.h */,
				8F6396F51CA8FB76000D846C /* ViewController.m */,
				8F6396F71CA8FB76000D846C /* Main.storyboard */,
				8F6396FA1CA8FB76000D846C /* Assets.xcassets */,
				8F6396FC1CA8FB76000D846C /* LaunchScreen.storyboard */,
				8F6396FF1CA8FB76000D846C /* Info.plist */,
				8F6396EE1CA8FB76000D846C /* Supporting Files */,
			);
			path = JSBridgeDemo;
			sourceTree = "<group>";
		};
		8F6396EE1CA8FB76000D846C /* Supporting Files */ = {
			isa = PBXGroup;
			children = (
				8F6396EF1CA8FB76000D846C /* main.m */,
			);
			name = "Supporting Files";
			sourceTree = "<group>";
		};
		8F6397071CA8FB76000D846C /* JSBridgeDemoTests */ = {
			isa = PBXGroup;
			children = (
				8F6397081CA8FB76000D846C /* JSBridgeDemoTests.m */,
				8F63970A1CA8FB76000D846C /* Info.plist */,
			);
			path = JSBridgeDemoTests;
			sourceTree = "<group>";
		};
		8F6397121CA8FB76000D846C /* JSBridgeDemoUITests */ = {
			isa = PBXGroup;
			children = (
				8F6397131CA8FB76000D846C /* JSBridgeDemoUITests.m */,
				8F6397151CA8FB76000D846C /* Info.plist */,
			);
			path = JSBridgeDemoUITests;
			sourceTree = "<group>";
		};
		F67870A1F1BF3EA8854EB1BD /* Frameworks */ = {
			isa = PBXGroup;
			children = (
				CAB6F4FD99D50D042A85DF1C /* libPods-JSBridgeDemo.a */,
			);
			name = Frameworks;
			sourceTree = "<group>";
		};
/* End PBXGroup section */

/* Begin PBXNativeTarget section */
		8F6396EA1CA8FB76000D846C /* JSBridgeDemo */ = {
			isa = PBXNativeTarget;
			buildConfigurationList = 8F6397181CA8FB76000D846C /* Build configuration list for PBXNativeTarget "JSBridgeDemo" */;
			buildPhases = (
				63701B6351092F3F7B1BA7B9 /* Check Pods Manifest.lock */,
				8F6396E71CA8FB76000D846C /* Sources */,
				8F6396E81CA8FB76000D846C /* Frameworks */,
				8F6396E91CA8FB76000D846C /* Resources */,
				9DFDCF032658B8AD949C88CA /* Embed Pods Frameworks */,
				8701234D1E192E4B22450C2A /* Copy Pods Resources */,
			);
			buildRules = (
			);
			dependencies = (
			);
			name = JSBridgeDemo;
			productName = JSBridgeDemo;
			productReference = 8F6396EB1CA8FB76000D846C /* JSBridgeDemo.app */;
			productType = "com.apple.product-type.application";
		};
		8F6397031CA8FB76000D846C /* JSBridgeDemoTests */ = {
			isa = PBXNativeTarget;
			buildConfigurationList = 8F63971B1CA8FB76000D846C /* Build configuration list for PBXNativeTarget "JSBridgeDemoTests" */;
			buildPhases = (
				8F6397001CA8FB76000D846C /* Sources */,
				8F6397011CA8FB76000D846C /* Frameworks */,
				8F6397021CA8FB76000D846C /* Resources */,
			);
			buildRules = (
			);
			dependencies = (
				8F6397061CA8FB76000D846C /* PBXTargetDependency */,
			);
			name = JSBridgeDemoTests;
			productName = JSBridgeDemoTests;
			productReference = 8F6397041CA8FB76000D846C /* JSBridgeDemoTests.xctest */;
			productType = "com.apple.product-type.bundle.unit-test";
		};
		8F63970E1CA8FB76000D846C /* JSBridgeDemoUITests */ = {
			isa = PBXNativeTarget;
			buildConfigurationList = 8F63971E1CA8FB76000D846C /* Build configuration list for PBXNativeTarget "JSBridgeDemoUITests" */;
			buildPhases = (
				8F63970B1CA8FB76000D846C /* Sources */,
				8F63970C1CA8FB76000D846C /* Frameworks */,
				8F63970D1CA8FB76000D846C /* Resources */,
			);
			buildRules = (
			);
			dependencies = (
				8F6397111CA8FB76000D846C /* PBXTargetDependency */,
			);
			name = JSBridgeDemoUITests;
			productName = JSBridgeDemoUITests;
			productReference = 8F63970F1CA8FB76000D846C /* JSBridgeDemoUITests.xctest */;
			productType = "com.apple.product-type.bundle.ui-testing";
		};
/* End PBXNativeTarget section */

/* Begin PBXProject section */
		8F6396E31CA8FB76000D846C /* Project object */ = {
			isa = PBXProject;
			attributes = {
				LastUpgradeCheck = 0730;
				ORGANIZATIONNAME = "易仁";
				TargetAttributes = {
					8F6396EA1CA8FB76000D846C = {
						CreatedOnToolsVersion = 7.3;
						DevelopmentTeam = C5SY83Z869;
					};
					8F6397031CA8FB76000D846C = {
						CreatedOnToolsVersion = 7.3;
						DevelopmentTeam = C5SY83Z869;
						TestTargetID = 8F6396EA1CA8FB76000D846C;
					};
					8F63970E1CA8FB76000D846C = {
						CreatedOnToolsVersion = 7.3;
						DevelopmentTeam = C5SY83Z869;
						TestTargetID = 8F6396EA1CA8FB76000D846C;
					};
				};
			};
			buildConfigurationList = 8F6396E61CA8FB76000D846C /* Build configuration list for PBXProject "JSBridgeDemo" */;
			compatibilityVersion = "Xcode 3.2";
			developmentRegion = English;
			hasScannedForEncodings = 0;
			knownRegions = (
				en,
				Base,
			);
			mainGroup = 8F6396E21CA8FB76000D846C;
			productRefGroup = 8F6396EC1CA8FB76000D846C /* Products */;
			projectDirPath = "";
			projectRoot = "";
			targets = (
				8F6396EA1CA8FB76000D846C /* JSBridgeDemo */,
				8F6397031CA8FB76000D846C /* JSBridgeDemoTests */,
				8F63970E1CA8FB76000D846C /* JSBridgeDemoUITests */,
			);
		};
/* End PBXProject section */

/* Begin PBXResourcesBuildPhase section */
		8F6396E91CA8FB76000D846C /* Resources */ = {
			isa = PBXResourcesBuildPhase;
			buildActionMask = 2147483647;
			files = (
				8F6396FE1CA8FB76000D846C /* LaunchScreen.storyboard in Resources */,
				8F6396FB1CA8FB76000D846C /* Assets.xcassets in Resources */,
				8F6396F91CA8FB76000D846C /* Main.storyboard in Resources */,
				8F6397221CA920F2000D846C /* ExampleApp.html in Resources */,
			);
			runOnlyForDeploymentPostprocessing = 0;
		};
		8F6397021CA8FB76000D846C /* Resources */ = {
			isa = PBXResourcesBuildPhase;
			buildActionMask = 2147483647;
			files = (
			);
			runOnlyForDeploymentPostprocessing = 0;
		};
		8F63970D1CA8FB76000D846C /* Resources */ = {
			isa = PBXResourcesBuildPhase;
			buildActionMask = 2147483647;
			files = (
			);
			runOnlyForDeploymentPostprocessing = 0;
		};
/* End PBXResourcesBuildPhase section */

/* Begin PBXShellScriptBuildPhase section */
		63701B6351092F3F7B1BA7B9 /* Check Pods Manifest.lock */ = {
			isa = PBXShellScriptBuildPhase;
			buildActionMask = 2147483647;
			files = (
			);
			inputPaths = (
			);
			name = "Check Pods Manifest.lock";
			outputPaths = (
			);
			runOnlyForDeploymentPostprocessing = 0;
			shellPath = /bin/sh;
			shellScript = "diff \"${PODS_ROOT}/../Podfile.lock\" \"${PODS_ROOT}/Manifest.lock\" > /dev/null\nif [[ $? != 0 ]] ; then\n    cat << EOM\nerror: The sandbox is not in sync with the Podfile.lock. Run 'pod install' or update your CocoaPods installation.\nEOM\n    exit 1\nfi\n";
			showEnvVarsInLog = 0;
		};
		8701234D1E192E4B22450C2A /* Copy Pods Resources */ = {
			isa = PBXShellScriptBuildPhase;
			buildActionMask = 2147483647;
			files = (
			);
			inputPaths = (
			);
			name = "Copy Pods Resources";
			outputPaths = (
			);
			runOnlyForDeploymentPostprocessing = 0;
			shellPath = /bin/sh;
			shellScript = "\"${SRCROOT}/Pods/Target Support Files/Pods-JSBridgeDemo/Pods-JSBridgeDemo-resources.sh\"\n";
			showEnvVarsInLog = 0;
		};
		9DFDCF032658B8AD949C88CA /* Embed Pods Frameworks */ = {
			isa = PBXShellScriptBuildPhase;
			buildActionMask = 2147483647;
			files = (
			);
			inputPaths = (
			);
			name = "Embed Pods Frameworks";
			outputPaths = (
			);
			runOnlyForDeploymentPostprocessing = 0;
			shellPath = /bin/sh;
			shellScript = "\"${SRCROOT}/Pods/Target Support Files/Pods-JSBridgeDemo/Pods-JSBridgeDemo-frameworks.sh\"\n";
			showEnvVarsInLog = 0;
		};
/* End PBXShellScriptBuildPhase section */

/* Begin PBXSourcesBuildPhase section */
		8F6396E71CA8FB76000D846C /* Sources */ = {
			isa = PBXSourcesBuildPhase;
			buildActionMask = 2147483647;
			files = (
				8F6396F61CA8FB76000D846C /* ViewController.m in Sources */,
				8F6396F31CA8FB76000D846C /* AppDelegate.m in Sources */,
				8F6396F01CA8FB76000D846C /* main.m in Sources */,
			);
			runOnlyForDeploymentPostprocessing = 0;
		};
		8F6397001CA8FB76000D846C /* Sources */ = {
			isa = PBXSourcesBuildPhase;
			buildActionMask = 2147483647;
			files = (
				8F6397091CA8FB76000D846C /* JSBridgeDemoTests.m in Sources */,
			);
			runOnlyForDeploymentPostprocessing = 0;
		};
		8F63970B1CA8FB76000D846C /* Sources */ = {
			isa = PBXSourcesBuildPhase;
			buildActionMask = 2147483647;
			files = (
				8F6397141CA8FB76000D846C /* JSBridgeDemoUITests.m in Sources */,
			);
			runOnlyForDeploymentPostprocessing = 0;
		};
/* End PBXSourcesBuildPhase section */

/* Begin PBXTargetDependency section */
		8F6397061CA8FB76000D846C /* PBXTargetDependency */ = {
			isa = PBXTargetDependency;
			target = 8F6396EA1CA8FB76000D846C /* JSBridgeDemo */;
			targetProxy = 8F6397051CA8FB76000D846C /* PBXContainerItemProxy */;
		};
		8F6397111CA8FB76000D846C /* PBXTargetDependency */ = {
			isa = PBXTargetDependency;
			target = 8F6396EA1CA8FB76000D846C /* JSBridgeDemo */;
			targetProxy = 8F6397101CA8FB76000D846C /* PBXContainerItemProxy */;
		};
/* End PBXTargetDependency section */

/* Begin PBXVariantGroup section */
		8F6396F71CA8FB76000D846C /* Main.storyboard */ = {
			isa = PBXVariantGroup;
			children = (
				8F6396F81CA8FB76000D846C /* Base */,
			);
			name = Main.storyboard;
			sourceTree = "<group>";
		};
		8F6396FC1CA8FB76000D846C /* LaunchScreen.storyboard */ = {
			isa = PBXVariantGroup;
			children = (
				8F6396FD1CA8FB76000D846C /* Base */,
			);
			name = LaunchScreen.storyboard;
			sourceTree = "<group>";
		};
/* End PBXVariantGroup section */

/* Begin XCBuildConfiguration section */
		8F6397161CA8FB76000D846C /* Debug */ = {
			isa = XCBuildConfiguration;
			buildSettings = {
				ALWAYS_SEARCH_USER_PATHS = NO;
				CLANG_ANALYZER_NONNULL = YES;
				CLANG_CXX_LANGUAGE_STANDARD = "gnu++0x";
				CLANG_CXX_LIBRARY = "libc++";
				CLANG_ENABLE_MODULES = YES;
				CLANG_ENABLE_OBJC_ARC = YES;
				CLANG_WARN_BOOL_CONVERSION = YES;
				CLANG_WARN_CONSTANT_CONVERSION = YES;
				CLANG_WARN_DIRECT_OBJC_ISA_USAGE = YES_ERROR;
				CLANG_WARN_EMPTY_BODY = YES;
				CLANG_WARN_ENUM_CONVERSION = YES;
				CLANG_WARN_INT_CONVERSION = YES;
				CLANG_WARN_OBJC_ROOT_CLASS = YES_ERROR;
				CLANG_WARN_UNREACHABLE_CODE = YES;
				CLANG_WARN__DUPLICATE_METHOD_MATCH = YES;
				"CODE_SIGN_IDENTITY[sdk=iphoneos*]" = "iPhone Developer";
				COPY_PHASE_STRIP = NO;
				DEBUG_INFORMATION_FORMAT = dwarf;
				ENABLE_STRICT_OBJC_MSGSEND = YES;
				ENABLE_TESTABILITY = YES;
				GCC_C_LANGUAGE_STANDARD = gnu99;
				GCC_DYNAMIC_NO_PIC = NO;
				GCC_NO_COMMON_BLOCKS = YES;
				GCC_OPTIMIZATION_LEVEL = 0;
				GCC_PREPROCESSOR_DEFINITIONS = (
					"DEBUG=1",
					"$(inherited)",
				);
				GCC_WARN_64_TO_32_BIT_CONVERSION = YES;
				GCC_WARN_ABOUT_RETURN_TYPE = YES_ERROR;
				GCC_WARN_UNDECLARED_SELECTOR = YES;
				GCC_WARN_UNINITIALIZED_AUTOS = YES_AGGRESSIVE;
				GCC_WARN_UNUSED_FUNCTION = YES;
				GCC_WARN_UNUSED_VARIABLE = YES;
				IPHONEOS_DEPLOYMENT_TARGET = 9.3;
				MTL_ENABLE_DEBUG_INFO = YES;
				ONLY_ACTIVE_ARCH = YES;
				SDKROOT = iphoneos;
			};
			name = Debug;
		};
		8F6397171CA8FB76000D846C /* Release */ = {
			isa = XCBuildConfiguration;
			buildSettings = {
				ALWAYS_SEARCH_USER_PATHS = NO;
				CLANG_ANALYZER_NONNULL = YES;
				CLANG_CXX_LANGUAGE_STANDARD = "gnu++0x";
				CLANG_CXX_LIBRARY = "libc++";
				CLANG_ENABLE_MODULES = YES;
				CLANG_ENABLE_OBJC_ARC = YES;
				CLANG_WARN_BOOL_CONVERSION = YES;
				CLANG_WARN_CONSTANT_CONVERSION = YES;
				CLANG_WARN_DIRECT_OBJC_ISA_USAGE = YES_ERROR;
				CLANG_WARN_EMPTY_BODY = YES;
				CLANG_WARN_ENUM_CONVERSION = YES;
				CLANG_WARN_INT_CONVERSION = YES;
				CLANG_WARN_OBJC_ROOT_CLASS = YES_ERROR;
				CLANG_WARN_UNREACHABLE_CODE = YES;
				CLANG_WARN__DUPLICATE_METHOD_MATCH = YES;
				"CODE_SIGN_IDENTITY[sdk=iphoneos*]" = "iPhone Developer";
				COPY_PHASE_STRIP = NO;
				DEBUG_INFORMATION_FORMAT = "dwarf-with-dsym";
				ENABLE_NS_ASSERTIONS = NO;
				ENABLE_STRICT_OBJC_MSGSEND = YES;
				GCC_C_LANGUAGE_STANDARD = gnu99;
				GCC_NO_COMMON_BLOCKS = YES;
				GCC_WARN_64_TO_32_BIT_CONVERSION = YES;
				GCC_WARN_ABOUT_RETURN_TYPE = YES_ERROR;
				GCC_WARN_UNDECLARED_SELECTOR = YES;
				GCC_WARN_UNINITIALIZED_AUTOS = YES_AGGRESSIVE;
				GCC_WARN_UNUSED_FUNCTION = YES;
				GCC_WARN_UNUSED_VARIABLE = YES;
				IPHONEOS_DEPLOYMENT_TARGET = 9.3;
				MTL_ENABLE_DEBUG_INFO = NO;
				SDKROOT = iphoneos;
				VALIDATE_PRODUCT = YES;
			};
			name = Release;
		};
		8F6397191CA8FB76000D846C /* Debug */ = {
			isa = XCBuildConfiguration;
			baseConfigurationReference = E605DE781EA2FDA50725F1A8 /* Pods-JSBridgeDemo.debug.xcconfig */;
			buildSettings = {
				ASSETCATALOG_COMPILER_APPICON_NAME = AppIcon;
				INFOPLIST_FILE = JSBridgeDemo/Info.plist;
				LD_RUNPATH_SEARCH_PATHS = "$(inherited) @executable_path/Frameworks";
				PRODUCT_BUNDLE_IDENTIFIER = com.qg715buy.yiren.JSBridgeDemo;
				PRODUCT_NAME = "$(TARGET_NAME)";
			};
			name = Debug;
		};
		8F63971A1CA8FB76000D846C /* Release */ = {
			isa = XCBuildConfiguration;
			baseConfigurationReference = 16328375C843FC9D7F57B2F3 /* Pods-JSBridgeDemo.release.xcconfig */;
			buildSettings = {
				ASSETCATALOG_COMPILER_APPICON_NAME = AppIcon;
				INFOPLIST_FILE = JSBridgeDemo/Info.plist;
				LD_RUNPATH_SEARCH_PATHS = "$(inherited) @executable_path/Frameworks";
				PRODUCT_BUNDLE_IDENTIFIER = com.qg715buy.yiren.JSBridgeDemo;
				PRODUCT_NAME = "$(TARGET_NAME)";
			};
			name = Release;
		};
		8F63971C1CA8FB76000D846C /* Debug */ = {
			isa = XCBuildConfiguration;
			buildSettings = {
				BUNDLE_LOADER = "$(TEST_HOST)";
				INFOPLIST_FILE = JSBridgeDemoTests/Info.plist;
				LD_RUNPATH_SEARCH_PATHS = "$(inherited) @executable_path/Frameworks @loader_path/Frameworks";
				PRODUCT_BUNDLE_IDENTIFIER = com.qg715buy.yiren.JSBridgeDemoTests;
				PRODUCT_NAME = "$(TARGET_NAME)";
				TEST_HOST = "$(BUILT_PRODUCTS_DIR)/JSBridgeDemo.app/JSBridgeDemo";
			};
			name = Debug;
		};
		8F63971D1CA8FB76000D846C /* Release */ = {
			isa = XCBuildConfiguration;
			buildSettings = {
				BUNDLE_LOADER = "$(TEST_HOST)";
				INFOPLIST_FILE = JSBridgeDemoTests/Info.plist;
				LD_RUNPATH_SEARCH_PATHS = "$(inherited) @executable_path/Frameworks @loader_path/Frameworks";
				PRODUCT_BUNDLE_IDENTIFIER = com.qg715buy.yiren.JSBridgeDemoTests;
				PRODUCT_NAME = "$(TARGET_NAME)";
				TEST_HOST = "$(BUILT_PRODUCTS_DIR)/JSBridgeDemo.app/JSBridgeDemo";
			};
			name = Release;
		};
		8F63971F1CA8FB76000D846C /* Debug */ = {
			isa = XCBuildConfiguration;
			buildSettings = {
				INFOPLIST_FILE = JSBridgeDemoUITests/Info.plist;
				LD_RUNPATH_SEARCH_PATHS = "$(inherited) @executable_path/Frameworks @loader_path/Frameworks";
				PRODUCT_BUNDLE_IDENTIFIER = com.qg715buy.yiren.JSBridgeDemoUITests;
				PRODUCT_NAME = "$(TARGET_NAME)";
				TEST_TARGET_NAME = JSBridgeDemo;
			};
			name = Debug;
		};
		8F6397201CA8FB76000D846C /* Release */ = {
			isa = XCBuildConfiguration;
			buildSettings = {
				INFOPLIST_FILE = JSBridgeDemoUITests/Info.plist;
				LD_RUNPATH_SEARCH_PATHS = "$(inherited) @executable_path/Frameworks @loader_path/Frameworks";
				PRODUCT_BUNDLE_IDENTIFIER = com.qg715buy.yiren.JSBridgeDemoUITests;
				PRODUCT_NAME = "$(TARGET_NAME)";
				TEST_TARGET_NAME = JSBridgeDemo;
			};
			name = Release;
		};
/* End XCBuildConfiguration section */

/* Begin XCConfigurationList section */
		8F6396E61CA8FB76000D846C /* Build configuration list for PBXProject "JSBridgeDemo" */ = {
			isa = XCConfigurationList;
			buildConfigurations = (
				8F6397161CA8FB76000D846C /* Debug */,
				8F6397171CA8FB76000D846C /* Release */,
			);
			defaultConfigurationIsVisible = 0;
			defaultConfigurationName = Release;
		};
		8F6397181CA8FB76000D846C /* Build configuration list for PBXNativeTarget "JSBridgeDemo" */ = {
			isa = XCConfigurationList;
			buildConfigurations = (
				8F6397191CA8FB76000D846C /* Debug */,
				8F63971A1CA8FB76000D846C /* Release */,
			);
			defaultConfigurationIsVisible = 0;
			defaultConfigurationName = Release;
		};
		8F63971B1CA8FB76000D846C /* Build configuration list for PBXNativeTarget "JSBridgeDemoTests" */ = {
			isa = XCConfigurationList;
			buildConfigurations = (
				8F63971C1CA8FB76000D846C /* Debug */,
				8F63971D1CA8FB76000D846C /* Release */,
			);
			defaultConfigurationIsVisible = 0;
			defaultConfigurationName = Release;
		};
		8F63971E1CA8FB76000D846C /* Build configuration list for PBXNativeTarget "JSBridgeDemoUITests" */ = {
			isa = XCConfigurationList;
			buildConfigurations = (
				8F63971F1CA8FB76000D846C /* Debug */,
				8F6397201CA8FB76000D846C /* Release */,
			);
			defaultConfigurationIsVisible = 0;
			defaultConfigurationName = Release;
		};
/* End XCConfigurationList section */
	};
	rootObject = 8F6396E31CA8FB76000D846C /* Project object */;
}
